
Microsoft Visual Studio Solution File, Format Version 12.00
# Visual Studio Version 16
VisualStudioVersion = 16.0.30717.126
MinimumVisualStudioVersion = 10.0.40219.1
Project("{9A19103F-16F7-4668-BE54-9A1E7A4F7556}") = "Day1", "Day1.csproj", "{AAC90D5C-883F-4F24-A833-9A03C35717EF}"
EndProject
Project("{9A19103F-16F7-4668-BE54-9A1E7A4F7556}") = "Shared", "..\Shared\Shared.csproj", "{0C80E78F-D045-4C18-8554-8A27C9B277A4}"
EndProject
Project("{9A19103F-16F7-4668-BE54-9A1E7A4F7556}") = "Day2", "..\Day2\Day2.csproj", "{5DE40A7A-010F-4F26-BB6B-007542D213C3}"
EndProject
Project("{9A19103F-16F7-4668-BE54-9A1E7A4F7556}") = "Day3", "..\Day3\Day3.csproj", "{4E1722AE-2F5E-4490-9D04-8EB0130E089C}"
EndProject
Project("{9A19103F-16F7-4668-BE54-9A1E7A4F7556}") = "Day4", "..\Day4\Day4.csproj", "{6D5F95C5-B673-45D9-8268-DBA417FE10A1}"
EndProject
Project("{9A19103F-16F7-4668-BE54-9A1E7A4F7556}") = "Day5", "..\Day5\Day5.csproj", "{412BABB9-16CF-4D62-B034-A94E09BB3A7C}"
EndProject
Project("{9A19103F-16F7-4668-BE54-9A1E7A4F7556}") = "Day6", "..\Day6\Day6.csproj", "{0189A812-65DC-4BF7-A45D-4F49C8D6ADDE}"
EndProject
Project("{9A19103F-16F7-4668-BE54-9A1E7A4F7556}") = "Day7", "..\Day7\Day7.csproj", "{1A937671-04D1-4B51-9B7E-DC0923AF338C}"
EndProject
Project("{FAE04EC0-301F-11D3-BF4B-00C04F79EFBC}") = "Day8", "..\Day8\Day8.csproj", "{ACBE59A0-D08F-4AA1-879E-AD4BCD534ACD}"
EndProject
Global
	GlobalSection(SolutionConfigurationPlatforms) = preSolution
		Debug|Any CPU = Debug|Any CPU
		Release|Any CPU = Release|Any CPU
	EndGlobalSection
	GlobalSection(ProjectConfigurationPlatforms) = postSolution
		{AAC90D5C-883F-4F24-A833-9A03C35717EF}.Debug|Any CPU.ActiveCfg = Debug|Any CPU
		{AAC90D5C-883F-4F24-A833-9A03C35717EF}.Debug|Any CPU.Build.0 = Debug|Any CPU
		{AAC90D5C-883F-4F24-A833-9A03C35717EF}.Release|Any CPU.ActiveCfg = Release|Any CPU
		{AAC90D5C-883F-4F24-A833-9A03C35717EF}.Release|Any CPU.Build.0 = Release|Any CPU
		{0C80E78F-D045-4C18-8554-8A27C9B277A4}.Debug|Any CPU.ActiveCfg = Debug|Any CPU
		{0C80E78F-D045-4C18-8554-8A27C9B277A4}.Debug|Any CPU.Build.0 = Debug|Any CPU
		{0C80E78F-D045-4C18-8554-8A27C9B277A4}.Release|Any CPU.ActiveCfg = Release|Any CPU
		{0C80E78F-D045-4C18-8554-8A27C9B277A4}.Release|Any CPU.Build.0 = Release|Any CPU
		{5DE40A7A-010F-4F26-BB6B-007542D213C3}.Debug|Any CPU.ActiveCfg = Debug|Any CPU
		{5DE40A7A-010F-4F26-BB6B-007542D213C3}.Debug|Any CPU.Build.0 = Debug|Any CPU
		{5DE40A7A-010F-4F26-BB6B-007542D213C3}.Release|Any CPU.ActiveCfg = Release|Any CPU
		{5DE40A7A-010F-4F26-BB6B-007542D213C3}.Release|Any CPU.Build.0 = Release|Any CPU
		{4E1722AE-2F5E-4490-9D04-8EB0130E089C}.Debug|Any CPU.ActiveCfg = Debug|Any CPU
		{4E1722AE-2F5E-4490-9D04-8EB0130E089C}.Debug|Any CPU.Build.0 = Debug|Any CPU
		{4E1722AE-2F5E-4490-9D04-8EB0130E089C}.Release|Any CPU.ActiveCfg = Release|Any CPU
		{4E1722AE-2F5E-4490-9D04-8EB0130E089C}.Release|Any CPU.Build.0 = Release|Any CPU
		{6D5F95C5-B673-45D9-8268-DBA417FE10A1}.Debug|Any CPU.ActiveCfg = Debug|Any CPU
		{6D5F95C5-B673-45D9-8268-DBA417FE10A1}.Debug|Any CPU.Build.0 = Debug|Any CPU
		{6D5F95C5-B673-45D9-8268-DBA417FE10A1}.Release|Any CPU.ActiveCfg = Release|Any CPU
		{6D5F95C5-B673-45D9-8268-DBA417FE10A1}.Release|Any CPU.Build.0 = Release|Any CPU
		{412BABB9-16CF-4D62-B034-A94E09BB3A7C}.Debug|Any CPU.ActiveCfg = Debug|Any CPU
		{412BABB9-16CF-4D62-B034-A94E09BB3A7C}.Debug|Any CPU.Build.0 = Debug|Any CPU
		{412BABB9-16CF-4D62-B034-A94E09BB3A7C}.Release|Any CPU.ActiveCfg = Release|Any CPU
		{412BABB9-16CF-4D62-B034-A94E09BB3A7C}.Release|Any CPU.Build.0 = Release|Any CPU
		{0189A812-65DC-4BF7-A45D-4F49C8D6ADDE}.Debug|Any CPU.ActiveCfg = Debug|Any CPU
		{0189A812-65DC-4BF7-A45D-4F49C8D6ADDE}.Debug|Any CPU.Build.0 = Debug|Any CPU
		{0189A812-65DC-4BF7-A45D-4F49C8D6ADDE}.Release|Any CPU.ActiveCfg = Release|Any CPU
		{0189A812-65DC-4BF7-A45D-4F49C8D6ADDE}.Release|Any CPU.Build.0 = Release|Any CPU
		{1A937671-04D1-4B51-9B7E-DC0923AF338C}.Debug|Any CPU.ActiveCfg = Debug|Any CPU
		{1A937671-04D1-4B51-9B7E-DC0923AF338C}.Debug|Any CPU.Build.0 = Debug|Any CPU
		{1A937671-04D1-4B51-9B7E-DC0923AF338C}.Release|Any CPU.ActiveCfg = Release|Any CPU
		{1A937671-04D1-4B51-9B7E-DC0923AF338C}.Release|Any CPU.Build.0 = Release|Any CPU
		{ACBE59A0-D08F-4AA1-879E-AD4BCD534ACD}.Debug|Any CPU.ActiveCfg = Debug|Any CPU
		{ACBE59A0-D08F-4AA1-879E-AD4BCD534ACD}.Debug|Any CPU.Build.0 = Debug|Any CPU
		{ACBE59A0-D08F-4AA1-879E-AD4BCD534ACD}.Release|Any CPU.ActiveCfg = Release|Any CPU
		{ACBE59A0-D08F-4AA1-879E-AD4BCD534ACD}.Release|Any CPU.Build.0 = Release|Any CPU
	EndGlobalSection
	GlobalSection(SolutionProperties) = preSolution
		HideSolutionNode = FALSE
	EndGlobalSection
	GlobalSection(ExtensibilityGlobals) = postSolution
		SolutionGuid = {2557AF4B-2DAB-4426-B3C0-63ACC146C13F}
	EndGlobalSection
EndGlobal
